{
  "name": "nexma",
  "version": "0.1.0",
  "lockfileVersion": 1,
  "requires": true,
  "dependencies": {
    "@prisma/cli": {
      "version": "2.3.0",
      "resolved": "https://registry.npmjs.org/@prisma/cli/-/cli-2.3.0.tgz",
      "integrity": "sha512-S84VeeUR3I2Z1fkBh3x42KmVyFgiX4USzIN5N5EDyoWC8BSlMVs2eHeLlhHOtx68sDz5oNo/YEIM2bkU8cUZKA==",
      "dev": true
    }
  }
}
