{
  "name": "nexma",
  "version": "0.1.0",
  "lockfileVersion": 1,
  "requires": true,
  "dependencies": {
    "@prisma/cli": {
      "version": "2.0.0-beta.4",
      "resolved": "https://registry.npmjs.org/@prisma/cli/-/cli-2.0.0-beta.4.tgz",
      "integrity": "sha512-z9si4cmn/dN7bxVx3hbdDFL6fQuosTzj45EhVrCYt6VCWcJ5jYn0Fzamr+npZvbR/Gl6eLhexXP1sa7iGe8gjA==",
      "dev": true
    }
  }
}
