{
  "name": "nexma",
  "version": "0.1.0",
  "lockfileVersion": 1,
  "requires": true,
  "dependencies": {
    "@prisma/cli": {
      "version": "2.0.0",
      "resolved": "https://registry.npmjs.org/@prisma/cli/-/cli-2.0.0.tgz",
      "integrity": "sha512-RID4fOX6Y+2uHrBiFsoVt+F9oa7Z7IaO+AbwA+uepyYcjWjIhvl1cgml2mStGLyig8uuYmTOJGmh8XDkOyo10g==",
      "dev": true
    }
  }
}
